# appenv-requirements-hash: 7dbd9dbba98d08cf4804d89ef5db2a0f1d2e1ce7f61be6cf166c103e5fe1d173
ConfigUpdater==3.2
Jinja2==3.1.6
MarkupSafe==3.0.3
PyYAML==6.0.3
batou @ https://github.com/flyingcircusio/batou/archive/eed3dc5274457cc2828cb5e6334f5c31ae1e719a.zip#sha256=29c18f5b963064ee8e2f0a69fbc4ff750b29d80882f9277fc713305a0d66d3ea

certifi==2026.2.25
charset-normalizer==3.4.4
execnet==2.1.2
idna==3.11
importlib_metadata==8.7.1
importlib_resources==6.5.2
py==1.11.0
remote-pdb==2.1.0
requests==2.32.5
setuptools==82.0.0
urllib3==2.6.3
zipp==3.23.0
